hash: 24d0a2e4daa8ec9a41ec8787b0eb90b90f0930c242c6a32cead0445491560e55
updated: 2016-10-17T12:38:42.2268418+01:00
imports:
- name: github.com/couchbase/gocb
  version: 0294694881f66dbb89df5932384b941df282e3db
  subpackages:
  - gocbcore
  - jsonx
- name: github.com/Tlantic/mrs-integration-domain
  version: 3aecf1ed23423f3f95ad4d92b50a31671c36c707
  subpackages:
  - storage
- name: github.com/twinj/uuid
  version: 89173bcdda19db0eb88aef1e1cb1cb2505561d31
testImports: []
